
Microsoft Visual Studio Solution File, Format Version 11.00
# Visual Studio 2010
Project("{FAE04EC0-301F-11D3-BF4B-00C04F79EFBC}") = "Pls.SimpleMongoDb", "Source\Pls.SimpleMongoDb\Pls.SimpleMongoDb.csproj", "{420920E1-A1C6-49F8-A330-4C988F13D3A5}"
EndProject
Project("{2150E333-8FDC-42A3-9474-1A3956D46DE8}") = "Solution Items", "Solution Items", "{DF8DD637-59B2-49D2-878B-7FB649F1A67D}"
	ProjectSection(SolutionItems) = preProject
		Local.testsettings = Local.testsettings
		Pls-SimpleMongoDb.vsmdi = Pls-SimpleMongoDb.vsmdi
		TraceAndTestImpact.testsettings = TraceAndTestImpact.testsettings
	EndProjectSection
EndProject
Project("{FAE04EC0-301F-11D3-BF4B-00C04F79EFBC}") = "Pls.UnitTestsOf.SimpleMongoDb", "Tests\Pls.UnitTestsOf.SimpleMongoDb\Pls.UnitTestsOf.SimpleMongoDb.csproj", "{A6F62D0E-C701-4300-9F3A-94FF2134AA6B}"
EndProject
Project("{2150E333-8FDC-42A3-9474-1A3956D46DE8}") = "Tests", "Tests", "{16BD5FFA-F42B-453D-98E6-9C65154C4D70}"
EndProject
Project("{FAE04EC0-301F-11D3-BF4B-00C04F79EFBC}") = "Pls.IntegrationTestsOf.SimpleMongoDb", "Tests\Pls.IntegrationTestsOf.SimpleMongoDb\Pls.IntegrationTestsOf.SimpleMongoDb.csproj", "{A595C676-5F04-43BC-9BEE-DEF1C4E3E011}"
EndProject
Global
	GlobalSection(TestCaseManagementSettings) = postSolution
		CategoryFile = Pls-SimpleMongoDb.vsmdi
	EndGlobalSection
	GlobalSection(SolutionConfigurationPlatforms) = preSolution
		Debug|Any CPU = Debug|Any CPU
		Release|Any CPU = Release|Any CPU
	EndGlobalSection
	GlobalSection(ProjectConfigurationPlatforms) = postSolution
		{420920E1-A1C6-49F8-A330-4C988F13D3A5}.Debug|Any CPU.ActiveCfg = Debug|Any CPU
		{420920E1-A1C6-49F8-A330-4C988F13D3A5}.Debug|Any CPU.Build.0 = Debug|Any CPU
		{420920E1-A1C6-49F8-A330-4C988F13D3A5}.Release|Any CPU.ActiveCfg = Release|Any CPU
		{420920E1-A1C6-49F8-A330-4C988F13D3A5}.Release|Any CPU.Build.0 = Release|Any CPU
		{A6F62D0E-C701-4300-9F3A-94FF2134AA6B}.Debug|Any CPU.ActiveCfg = Debug|Any CPU
		{A6F62D0E-C701-4300-9F3A-94FF2134AA6B}.Debug|Any CPU.Build.0 = Debug|Any CPU
		{A6F62D0E-C701-4300-9F3A-94FF2134AA6B}.Release|Any CPU.ActiveCfg = Release|Any CPU
		{A6F62D0E-C701-4300-9F3A-94FF2134AA6B}.Release|Any CPU.Build.0 = Release|Any CPU
		{A595C676-5F04-43BC-9BEE-DEF1C4E3E011}.Debug|Any CPU.ActiveCfg = Debug|Any CPU
		{A595C676-5F04-43BC-9BEE-DEF1C4E3E011}.Debug|Any CPU.Build.0 = Debug|Any CPU
		{A595C676-5F04-43BC-9BEE-DEF1C4E3E011}.Release|Any CPU.ActiveCfg = Release|Any CPU
		{A595C676-5F04-43BC-9BEE-DEF1C4E3E011}.Release|Any CPU.Build.0 = Release|Any CPU
	EndGlobalSection
	GlobalSection(SolutionProperties) = preSolution
		HideSolutionNode = FALSE
	EndGlobalSection
	GlobalSection(NestedProjects) = preSolution
		{A6F62D0E-C701-4300-9F3A-94FF2134AA6B} = {16BD5FFA-F42B-453D-98E6-9C65154C4D70}
		{A595C676-5F04-43BC-9BEE-DEF1C4E3E011} = {16BD5FFA-F42B-453D-98E6-9C65154C4D70}
	EndGlobalSection
EndGlobal
